
Microsoft Visual Studio Solution File, Format Version 12.00
# Visual Studio Version 16
VisualStudioVersion = 16.0.30320.27
MinimumVisualStudioVersion = 10.0.40219.1
Project("{8BC9CEB8-8B4A-11D0-8D11-00A0C91BC942}") = "server", "server\server.vcxproj", "{754555A9-7771-41E1-9ECB-59808F2E3ADB}"
EndProject
Project("{8BC9CEB8-8B4A-11D0-8D11-00A0C91BC942}") = "client", "client\client.vcxproj", "{5801A329-ECFA-4699-AEB3-0641459DAB1A}"
EndProject
Global
	GlobalSection(SolutionConfigurationPlatforms) = preSolution
		Debug|x64 = Debug|x64
		Debug|x86 = Debug|x86
		Release|x64 = Release|x64
		Release|x86 = Release|x86
	EndGlobalSection
	GlobalSection(ProjectConfigurationPlatforms) = postSolution
		{754555A9-7771-41E1-9ECB-59808F2E3ADB}.Debug|x64.ActiveCfg = Debug|x64
		{754555A9-7771-41E1-9ECB-59808F2E3ADB}.Debug|x64.Build.0 = Debug|x64
		{754555A9-7771-41E1-9ECB-59808F2E3ADB}.Debug|x86.ActiveCfg = Debug|Win32
		{754555A9-7771-41E1-9ECB-59808F2E3ADB}.Debug|x86.Build.0 = Debug|Win32
		{754555A9-7771-41E1-9ECB-59808F2E3ADB}.Release|x64.ActiveCfg = Release|x64
		{754555A9-7771-41E1-9ECB-59808F2E3ADB}.Release|x64.Build.0 = Release|x64
		{754555A9-7771-41E1-9ECB-59808F2E3ADB}.Release|x86.ActiveCfg = Release|Win32
		{754555A9-7771-41E1-9ECB-59808F2E3ADB}.Release|x86.Build.0 = Release|Win32
		{5801A329-ECFA-4699-AEB3-0641459DAB1A}.Debug|x64.ActiveCfg = Debug|x64
		{5801A329-ECFA-4699-AEB3-0641459DAB1A}.Debug|x64.Build.0 = Debug|x64
		{5801A329-ECFA-4699-AEB3-0641459DAB1A}.Debug|x86.ActiveCfg = Debug|Win32
		{5801A329-ECFA-4699-AEB3-0641459DAB1A}.Debug|x86.Build.0 = Debug|Win32
		{5801A329-ECFA-4699-AEB3-0641459DAB1A}.Release|x64.ActiveCfg = Release|x64
		{5801A329-ECFA-4699-AEB3-0641459DAB1A}.Release|x64.Build.0 = Release|x64
		{5801A329-ECFA-4699-AEB3-0641459DAB1A}.Release|x86.ActiveCfg = Release|Win32
		{5801A329-ECFA-4699-AEB3-0641459DAB1A}.Release|x86.Build.0 = Release|Win32
	EndGlobalSection
	GlobalSection(SolutionProperties) = preSolution
		HideSolutionNode = FALSE
	EndGlobalSection
	GlobalSection(ExtensibilityGlobals) = postSolution
		SolutionGuid = {C341F287-6CFD-4641-A762-33F72E82DFC6}
	EndGlobalSection
EndGlobal
